
Microsoft Visual Studio Solution File, Format Version 12.00
# Visual Studio 15
VisualStudioVersion = 15.0.26403.3
MinimumVisualStudioVersion = 10.0.40219.1
Project("{FAE04EC0-301F-11D3-BF4B-00C04F79EFBC}") = "Info", "Info\Info.csproj", "{7BCAAC06-CAEF-441B-8697-685BA4BCD4DC}"
EndProject
Project("{FAE04EC0-301F-11D3-BF4B-00C04F79EFBC}") = "DTO", "DTO\DTO.csproj", "{D8D72C37-1D7A-4BE9-9F3A-A83959907242}"
EndProject
Project("{FAE04EC0-301F-11D3-BF4B-00C04F79EFBC}") = "Services", "Services\Services.csproj", "{A0069BBC-316E-4784-B36D-102EE7D29010}"
EndProject
Project("{FAE04EC0-301F-11D3-BF4B-00C04F79EFBC}") = "ExcelServicesTests", "ExcelServicesTests\ExcelServicesTests.csproj", "{5E34F0EA-EC61-4729-A99A-6993B52FC1D5}"
EndProject
Project("{FAE04EC0-301F-11D3-BF4B-00C04F79EFBC}") = "ExcelServices", "ExcelServices\ExcelServices.csproj", "{2E1D8E1E-4F24-43C3-967F-936DA570D651}"
EndProject
Project("{FAE04EC0-301F-11D3-BF4B-00C04F79EFBC}") = "HistoricDataLoader", "HistoricDataLoader\HistoricDataLoader.csproj", "{1DFDD58D-8DA9-49B8-A535-72ED8FF863DE}"
EndProject
Project("{FAE04EC0-301F-11D3-BF4B-00C04F79EFBC}") = "DataStorage", "DataStorage\DataStorage.csproj", "{FC2CA4ED-D142-4ED3-B756-EB1F21E4690C}"
EndProject
Project("{FAE04EC0-301F-11D3-BF4B-00C04F79EFBC}") = "ServicesTests", "ServicesTests\ServicesTests.csproj", "{5775DC70-47C3-4E90-893D-C6F1B8C71B58}"
EndProject
Project("{FAE04EC0-301F-11D3-BF4B-00C04F79EFBC}") = "SharePriceListCore", "SharePriceListCore\SharePriceListCore.csproj", "{E6032082-AA77-4CF3-86EE-2D275A781B2D}"
EndProject
Global
	GlobalSection(SolutionConfigurationPlatforms) = preSolution
		Debug|Any CPU = Debug|Any CPU
		Release|Any CPU = Release|Any CPU
	EndGlobalSection
	GlobalSection(ProjectConfigurationPlatforms) = postSolution
		{7BCAAC06-CAEF-441B-8697-685BA4BCD4DC}.Debug|Any CPU.ActiveCfg = Debug|Any CPU
		{7BCAAC06-CAEF-441B-8697-685BA4BCD4DC}.Debug|Any CPU.Build.0 = Debug|Any CPU
		{7BCAAC06-CAEF-441B-8697-685BA4BCD4DC}.Release|Any CPU.ActiveCfg = Release|Any CPU
		{7BCAAC06-CAEF-441B-8697-685BA4BCD4DC}.Release|Any CPU.Build.0 = Release|Any CPU
		{D8D72C37-1D7A-4BE9-9F3A-A83959907242}.Debug|Any CPU.ActiveCfg = Debug|Any CPU
		{D8D72C37-1D7A-4BE9-9F3A-A83959907242}.Debug|Any CPU.Build.0 = Debug|Any CPU
		{D8D72C37-1D7A-4BE9-9F3A-A83959907242}.Release|Any CPU.ActiveCfg = Release|Any CPU
		{D8D72C37-1D7A-4BE9-9F3A-A83959907242}.Release|Any CPU.Build.0 = Release|Any CPU
		{A0069BBC-316E-4784-B36D-102EE7D29010}.Debug|Any CPU.ActiveCfg = Debug|Any CPU
		{A0069BBC-316E-4784-B36D-102EE7D29010}.Debug|Any CPU.Build.0 = Debug|Any CPU
		{A0069BBC-316E-4784-B36D-102EE7D29010}.Release|Any CPU.ActiveCfg = Release|Any CPU
		{A0069BBC-316E-4784-B36D-102EE7D29010}.Release|Any CPU.Build.0 = Release|Any CPU
		{5E34F0EA-EC61-4729-A99A-6993B52FC1D5}.Debug|Any CPU.ActiveCfg = Debug|Any CPU
		{5E34F0EA-EC61-4729-A99A-6993B52FC1D5}.Debug|Any CPU.Build.0 = Debug|Any CPU
		{5E34F0EA-EC61-4729-A99A-6993B52FC1D5}.Release|Any CPU.ActiveCfg = Release|Any CPU
		{5E34F0EA-EC61-4729-A99A-6993B52FC1D5}.Release|Any CPU.Build.0 = Release|Any CPU
		{2E1D8E1E-4F24-43C3-967F-936DA570D651}.Debug|Any CPU.ActiveCfg = Debug|Any CPU
		{2E1D8E1E-4F24-43C3-967F-936DA570D651}.Debug|Any CPU.Build.0 = Debug|Any CPU
		{2E1D8E1E-4F24-43C3-967F-936DA570D651}.Release|Any CPU.ActiveCfg = Release|Any CPU
		{2E1D8E1E-4F24-43C3-967F-936DA570D651}.Release|Any CPU.Build.0 = Release|Any CPU
		{1DFDD58D-8DA9-49B8-A535-72ED8FF863DE}.Debug|Any CPU.ActiveCfg = Debug|Any CPU
		{1DFDD58D-8DA9-49B8-A535-72ED8FF863DE}.Debug|Any CPU.Build.0 = Debug|Any CPU
		{1DFDD58D-8DA9-49B8-A535-72ED8FF863DE}.Release|Any CPU.ActiveCfg = Release|Any CPU
		{1DFDD58D-8DA9-49B8-A535-72ED8FF863DE}.Release|Any CPU.Build.0 = Release|Any CPU
		{FC2CA4ED-D142-4ED3-B756-EB1F21E4690C}.Debug|Any CPU.ActiveCfg = Debug|Any CPU
		{FC2CA4ED-D142-4ED3-B756-EB1F21E4690C}.Debug|Any CPU.Build.0 = Debug|Any CPU
		{FC2CA4ED-D142-4ED3-B756-EB1F21E4690C}.Release|Any CPU.ActiveCfg = Release|Any CPU
		{FC2CA4ED-D142-4ED3-B756-EB1F21E4690C}.Release|Any CPU.Build.0 = Release|Any CPU
		{5775DC70-47C3-4E90-893D-C6F1B8C71B58}.Debug|Any CPU.ActiveCfg = Debug|Any CPU
		{5775DC70-47C3-4E90-893D-C6F1B8C71B58}.Debug|Any CPU.Build.0 = Debug|Any CPU
		{5775DC70-47C3-4E90-893D-C6F1B8C71B58}.Release|Any CPU.ActiveCfg = Release|Any CPU
		{5775DC70-47C3-4E90-893D-C6F1B8C71B58}.Release|Any CPU.Build.0 = Release|Any CPU
		{E6032082-AA77-4CF3-86EE-2D275A781B2D}.Debug|Any CPU.ActiveCfg = Debug|Any CPU
		{E6032082-AA77-4CF3-86EE-2D275A781B2D}.Debug|Any CPU.Build.0 = Debug|Any CPU
		{E6032082-AA77-4CF3-86EE-2D275A781B2D}.Release|Any CPU.ActiveCfg = Release|Any CPU
		{E6032082-AA77-4CF3-86EE-2D275A781B2D}.Release|Any CPU.Build.0 = Release|Any CPU
	EndGlobalSection
	GlobalSection(SolutionProperties) = preSolution
		HideSolutionNode = FALSE
	EndGlobalSection
EndGlobal
